// !$*UTF8*$!
{
	archiveVersion = 1;
	classes = {
	};
	objectVersion = 50;
	objects = {

/* Begin PBXBuildFile section */
		1E2A7F3121FA321800162FF1 /* ApiKeys.plist in Resources */ = {isa = PBXBuildFile; fileRef = 1E2A7F3021FA321800162FF1 /* ApiKeys.plist */; };
		1E5573C021F0EA3E00DFFC5E /* AppDelegate.swift in Sources */ = {isa = PBXBuildFile; fileRef = 1E5573BF21F0EA3E00DFFC5E /* AppDelegate.swift */; };
		1E5573C221F0EA3E00DFFC5E /* ViewController.swift in Sources */ = {isa = PBXBuildFile; fileRef = 1E5573C121F0EA3E00DFFC5E /* ViewController.swift */; };
		1E5573C521F0EA3E00DFFC5E /* Main.storyboard in Resources */ = {isa = PBXBuildFile; fileRef = 1E5573C321F0EA3E00DFFC5E /* Main.storyboard */; };
		1E5573C821F0EA3E00DFFC5E /* _5Words.xcdatamodeld in Sources */ = {isa = PBXBuildFile; fileRef = 1E5573C621F0EA3E00DFFC5E /* _5Words.xcdatamodeld */; };
		1E5573CA21F0EA4100DFFC5E /* Assets.xcassets in Resources */ = {isa = PBXBuildFile; fileRef = 1E5573C921F0EA4100DFFC5E /* Assets.xcassets */; };
		1E5573CD21F0EA4100DFFC5E /* LaunchScreen.storyboard in Resources */ = {isa = PBXBuildFile; fileRef = 1E5573CB21F0EA4100DFFC5E /* LaunchScreen.storyboard */; };
		1E5573D821F0EA4100DFFC5E /* _5WordsTests.swift in Sources */ = {isa = PBXBuildFile; fileRef = 1E5573D721F0EA4100DFFC5E /* _5WordsTests.swift */; };
		1E5573E321F0EA4100DFFC5E /* _5WordsUITests.swift in Sources */ = {isa = PBXBuildFile; fileRef = 1E5573E221F0EA4100DFFC5E /* _5WordsUITests.swift */; };
		1EE1A979220381E0004629C3 /* MainPresenterTests.swift in Sources */ = {isa = PBXBuildFile; fileRef = 1EE1A978220381E0004629C3 /* MainPresenterTests.swift */; };
		1EE1A97B220383A7004629C3 /* MainPresenter.swift in Sources */ = {isa = PBXBuildFile; fileRef = 1EE1A97A220383A7004629C3 /* MainPresenter.swift */; };
		1EE1A989220CC7DE004629C3 /* Words.json in Resources */ = {isa = PBXBuildFile; fileRef = 1EE1A988220CC7DE004629C3 /* Words.json */; };
		1EE1A98B220CCA0F004629C3 /* Words.swift in Sources */ = {isa = PBXBuildFile; fileRef = 1EE1A98A220CCA0F004629C3 /* Words.swift */; };
		3FA0BFA8F018EE32B6BEEA60 /* Pods_15Words.framework in Frameworks */ = {isa = PBXBuildFile; fileRef = FF8C4E142E289F696CDA0C49 /* Pods_15Words.framework */; };
		8CB0CC2766324B94C3E525E8 /* Pods_15WordsTests.framework in Frameworks */ = {isa = PBXBuildFile; fileRef = C4FEB90C36EB20F82B726F84 /* Pods_15WordsTests.framework */; };
		E1E2D01231CEF1152329BB19 /* Pods_15WordsUITests.framework in Frameworks */ = {isa = PBXBuildFile; fileRef = 73932266718DAA2D970104E3 /* Pods_15WordsUITests.framework */; };
/* End PBXBuildFile section */

/* Begin PBXContainerItemProxy section */
		1E5573D421F0EA4100DFFC5E /* PBXContainerItemProxy */ = {
			isa = PBXContainerItemProxy;
			containerPortal = 1E5573B421F0EA3E00DFFC5E /* Project object */;
			proxyType = 1;
			remoteGlobalIDString = 1E5573BB21F0EA3E00DFFC5E;
			remoteInfo = 15Words;
		};
		1E5573DF21F0EA4100DFFC5E /* PBXContainerItemProxy */ = {
			isa = PBXContainerItemProxy;
			containerPortal = 1E5573B421F0EA3E00DFFC5E /* Project object */;
			proxyType = 1;
			remoteGlobalIDString = 1E5573BB21F0EA3E00DFFC5E;
			remoteInfo = 15Words;
		};
/* End PBXContainerItemProxy section */

/* Begin PBXFileReference section */
		050CF8FFE1D634FF9D63E36C /* Pods-15WordsTests.release.xcconfig */ = {isa = PBXFileReference; includeInIndex = 1; lastKnownFileType = text.xcconfig; name = "Pods-15WordsTests.release.xcconfig"; path = "Pods/Target Support Files/Pods-15WordsTests/Pods-15WordsTests.release.xcconfig"; sourceTree = "<group>"; };
		1E2A7F3021FA321800162FF1 /* ApiKeys.plist */ = {isa = PBXFileReference; lastKnownFileType = text.plist.xml; path = ApiKeys.plist; sourceTree = "<group>"; };
		1E5573BC21F0EA3E00DFFC5E /* 15Words.app */ = {isa = PBXFileReference; explicitFileType = wrapper.application; includeInIndex = 0; path = 15Words.app; sourceTree = BUILT_PRODUCTS_DIR; };
		1E5573BF21F0EA3E00DFFC5E /* AppDelegate.swift */ = {isa = PBXFileReference; lastKnownFileType = sourcecode.swift; path = AppDelegate.swift; sourceTree = "<group>"; };
		1E5573C121F0EA3E00DFFC5E /* ViewController.swift */ = {isa = PBXFileReference; lastKnownFileType = sourcecode.swift; path = ViewController.swift; sourceTree = "<group>"; };
		1E5573C421F0EA3E00DFFC5E /* Base */ = {isa = PBXFileReference; lastKnownFileType = file.storyboard; name = Base; path = Base.lproj/Main.storyboard; sourceTree = "<group>"; };
		1E5573C721F0EA3E00DFFC5E /* _5Words.xcdatamodel */ = {isa = PBXFileReference; lastKnownFileType = wrapper.xcdatamodel; path = _5Words.xcdatamodel; sourceTree = "<group>"; };
		1E5573C921F0EA4100DFFC5E /* Assets.xcassets */ = {isa = PBXFileReference; lastKnownFileType = folder.assetcatalog; path = Assets.xcassets; sourceTree = "<group>"; };
		1E5573CC21F0EA4100DFFC5E /* Base */ = {isa = PBXFileReference; lastKnownFileType = file.storyboard; name = Base; path = Base.lproj/LaunchScreen.storyboard; sourceTree = "<group>"; };
		1E5573CE21F0EA4100DFFC5E /* Info.plist */ = {isa = PBXFileReference; lastKnownFileType = text.plist.xml; path = Info.plist; sourceTree = "<group>"; };
		1E5573D321F0EA4100DFFC5E /* 15WordsTests.xctest */ = {isa = PBXFileReference; explicitFileType = wrapper.cfbundle; includeInIndex = 0; path = 15WordsTests.xctest; sourceTree = BUILT_PRODUCTS_DIR; };
		1E5573D721F0EA4100DFFC5E /* _5WordsTests.swift */ = {isa = PBXFileReference; lastKnownFileType = sourcecode.swift; path = _5WordsTests.swift; sourceTree = "<group>"; };
		1E5573D921F0EA4100DFFC5E /* Info.plist */ = {isa = PBXFileReference; lastKnownFileType = text.plist.xml; path = Info.plist; sourceTree = "<group>"; };
		1E5573DE21F0EA4100DFFC5E /* 15WordsUITests.xctest */ = {isa = PBXFileReference; explicitFileType = wrapper.cfbundle; includeInIndex = 0; path = 15WordsUITests.xctest; sourceTree = BUILT_PRODUCTS_DIR; };
		1E5573E221F0EA4100DFFC5E /* _5WordsUITests.swift */ = {isa = PBXFileReference; lastKnownFileType = sourcecode.swift; path = _5WordsUITests.swift; sourceTree = "<group>"; };
		1E5573E421F0EA4100DFFC5E /* Info.plist */ = {isa = PBXFileReference; lastKnownFileType = text.plist.xml; path = Info.plist; sourceTree = "<group>"; };
		1EE1A978220381E0004629C3 /* MainPresenterTests.swift */ = {isa = PBXFileReference; lastKnownFileType = sourcecode.swift; path = MainPresenterTests.swift; sourceTree = "<group>"; };
		1EE1A97A220383A7004629C3 /* MainPresenter.swift */ = {isa = PBXFileReference; lastKnownFileType = sourcecode.swift; path = MainPresenter.swift; sourceTree = "<group>"; };
		1EE1A988220CC7DE004629C3 /* Words.json */ = {isa = PBXFileReference; lastKnownFileType = text.json; path = Words.json; sourceTree = "<group>"; };
		1EE1A98A220CCA0F004629C3 /* Words.swift */ = {isa = PBXFileReference; lastKnownFileType = sourcecode.swift; path = Words.swift; sourceTree = "<group>"; };
		212276174EF27D975B421FD0 /* Pods-15WordsTests.debug.xcconfig */ = {isa = PBXFileReference; includeInIndex = 1; lastKnownFileType = text.xcconfig; name = "Pods-15WordsTests.debug.xcconfig"; path = "Pods/Target Support Files/Pods-15WordsTests/Pods-15WordsTests.debug.xcconfig"; sourceTree = "<group>"; };
		73932266718DAA2D970104E3 /* Pods_15WordsUITests.framework */ = {isa = PBXFileReference; explicitFileType = wrapper.framework; includeInIndex = 0; path = Pods_15WordsUITests.framework; sourceTree = BUILT_PRODUCTS_DIR; };
		856B7B557E8EE7DA2D810C5F /* Pods-15WordsUITests.release.xcconfig */ = {isa = PBXFileReference; includeInIndex = 1; lastKnownFileType = text.xcconfig; name = "Pods-15WordsUITests.release.xcconfig"; path = "Pods/Target Support Files/Pods-15WordsUITests/Pods-15WordsUITests.release.xcconfig"; sourceTree = "<group>"; };
		92B6EB6BE34B77764233094A /* Pods-15Words.debug.xcconfig */ = {isa = PBXFileReference; includeInIndex = 1; lastKnownFileType = text.xcconfig; name = "Pods-15Words.debug.xcconfig"; path = "Pods/Target Support Files/Pods-15Words/Pods-15Words.debug.xcconfig"; sourceTree = "<group>"; };
		9664FE69184C40C7301251A9 /* Pods-15Words.release.xcconfig */ = {isa = PBXFileReference; includeInIndex = 1; lastKnownFileType = text.xcconfig; name = "Pods-15Words.release.xcconfig"; path = "Pods/Target Support Files/Pods-15Words/Pods-15Words.release.xcconfig"; sourceTree = "<group>"; };
		C4FEB90C36EB20F82B726F84 /* Pods_15WordsTests.framework */ = {isa = PBXFileReference; explicitFileType = wrapper.framework; includeInIndex = 0; path = Pods_15WordsTests.framework; sourceTree = BUILT_PRODUCTS_DIR; };
		DBDFB303D46107ED93286838 /* Pods-15WordsUITests.debug.xcconfig */ = {isa = PBXFileReference; includeInIndex = 1; lastKnownFileType = text.xcconfig; name = "Pods-15WordsUITests.debug.xcconfig"; path = "Pods/Target Support Files/Pods-15WordsUITests/Pods-15WordsUITests.debug.xcconfig"; sourceTree = "<group>"; };
		FF8C4E142E289F696CDA0C49 /* Pods_15Words.framework */ = {isa = PBXFileReference; explicitFileType = wrapper.framework; includeInIndex = 0; path = Pods_15Words.framework; sourceTree = BUILT_PRODUCTS_DIR; };
/* End PBXFileReference section */

/* Begin PBXFrameworksBuildPhase section */
		1E5573B921F0EA3E00DFFC5E /* Frameworks */ = {
			isa = PBXFrameworksBuildPhase;
			buildActionMask = 2147483647;
			files = (
				3FA0BFA8F018EE32B6BEEA60 /* Pods_15Words.framework in Frameworks */,
			);
			runOnlyForDeploymentPostprocessing = 0;
		};
		1E5573D021F0EA4100DFFC5E /* Frameworks */ = {
			isa = PBXFrameworksBuildPhase;
			buildActionMask = 2147483647;
			files = (
				8CB0CC2766324B94C3E525E8 /* Pods_15WordsTests.framework in Frameworks */,
			);
			runOnlyForDeploymentPostprocessing = 0;
		};
		1E5573DB21F0EA4100DFFC5E /* Frameworks */ = {
			isa = PBXFrameworksBuildPhase;
			buildActionMask = 2147483647;
			files = (
				E1E2D01231CEF1152329BB19 /* Pods_15WordsUITests.framework in Frameworks */,
			);
			runOnlyForDeploymentPostprocessing = 0;
		};
/* End PBXFrameworksBuildPhase section */

/* Begin PBXGroup section */
		1E5573B321F0EA3E00DFFC5E = {
			isa = PBXGroup;
			children = (
				1E5573BE21F0EA3E00DFFC5E /* 15Words */,
				1E5573D621F0EA4100DFFC5E /* 15WordsTests */,
				1E5573E121F0EA4100DFFC5E /* 15WordsUITests */,
				1E5573BD21F0EA3E00DFFC5E /* Products */,
				21D0889E4A867911E8F21030 /* Pods */,
				35B5EA23FADADA8F65A908C5 /* Frameworks */,
			);
			sourceTree = "<group>";
		};
		1E5573BD21F0EA3E00DFFC5E /* Products */ = {
			isa = PBXGroup;
			children = (
				1E5573BC21F0EA3E00DFFC5E /* 15Words.app */,
				1E5573D321F0EA4100DFFC5E /* 15WordsTests.xctest */,
				1E5573DE21F0EA4100DFFC5E /* 15WordsUITests.xctest */,
			);
			name = Products;
			sourceTree = "<group>";
		};
		1E5573BE21F0EA3E00DFFC5E /* 15Words */ = {
			isa = PBXGroup;
			children = (
				1EE1A97722038121004629C3 /* presenter */,
				1EE1A9762203811B004629C3 /* view */,
				1EE1A97522038115004629C3 /* model */,
				1E5573BF21F0EA3E00DFFC5E /* AppDelegate.swift */,
				1E5573C921F0EA4100DFFC5E /* Assets.xcassets */,
				1E5573CB21F0EA4100DFFC5E /* LaunchScreen.storyboard */,
				1E5573CE21F0EA4100DFFC5E /* Info.plist */,
				1E5573C621F0EA3E00DFFC5E /* _5Words.xcdatamodeld */,
				1E2A7F3021FA321800162FF1 /* ApiKeys.plist */,
				1EE1A988220CC7DE004629C3 /* Words.json */,
			);
			path = 15Words;
			sourceTree = "<group>";
		};
		1E5573D621F0EA4100DFFC5E /* 15WordsTests */ = {
			isa = PBXGroup;
			children = (
				1E5573D721F0EA4100DFFC5E /* _5WordsTests.swift */,
				1E5573D921F0EA4100DFFC5E /* Info.plist */,
				1EE1A978220381E0004629C3 /* MainPresenterTests.swift */,
			);
			path = 15WordsTests;
			sourceTree = "<group>";
		};
		1E5573E121F0EA4100DFFC5E /* 15WordsUITests */ = {
			isa = PBXGroup;
			children = (
				1E5573E221F0EA4100DFFC5E /* _5WordsUITests.swift */,
				1E5573E421F0EA4100DFFC5E /* Info.plist */,
			);
			path = 15WordsUITests;
			sourceTree = "<group>";
		};
		1EE1A97522038115004629C3 /* model */ = {
			isa = PBXGroup;
			children = (
				1EE1A98A220CCA0F004629C3 /* Words.swift */,
			);
			path = model;
			sourceTree = "<group>";
		};
		1EE1A9762203811B004629C3 /* view */ = {
			isa = PBXGroup;
			children = (
				1E5573C121F0EA3E00DFFC5E /* ViewController.swift */,
				1E5573C321F0EA3E00DFFC5E /* Main.storyboard */,
			);
			path = view;
			sourceTree = "<group>";
		};
		1EE1A97722038121004629C3 /* presenter */ = {
			isa = PBXGroup;
			children = (
				1EE1A97A220383A7004629C3 /* MainPresenter.swift */,
			);
			path = presenter;
			sourceTree = "<group>";
		};
		21D0889E4A867911E8F21030 /* Pods */ = {
			isa = PBXGroup;
			children = (
				92B6EB6BE34B77764233094A /* Pods-15Words.debug.xcconfig */,
				9664FE69184C40C7301251A9 /* Pods-15Words.release.xcconfig */,
				212276174EF27D975B421FD0 /* Pods-15WordsTests.debug.xcconfig */,
				050CF8FFE1D634FF9D63E36C /* Pods-15WordsTests.release.xcconfig */,
				DBDFB303D46107ED93286838 /* Pods-15WordsUITests.debug.xcconfig */,
				856B7B557E8EE7DA2D810C5F /* Pods-15WordsUITests.release.xcconfig */,
			);
			name = Pods;
			sourceTree = "<group>";
		};
		35B5EA23FADADA8F65A908C5 /* Frameworks */ = {
			isa = PBXGroup;
			children = (
				FF8C4E142E289F696CDA0C49 /* Pods_15Words.framework */,
				C4FEB90C36EB20F82B726F84 /* Pods_15WordsTests.framework */,
				73932266718DAA2D970104E3 /* Pods_15WordsUITests.framework */,
			);
			name = Frameworks;
			sourceTree = "<group>";
		};
/* End PBXGroup section */

/* Begin PBXNativeTarget section */
		1E5573BB21F0EA3E00DFFC5E /* 15Words */ = {
			isa = PBXNativeTarget;
			buildConfigurationList = 1E5573E721F0EA4100DFFC5E /* Build configuration list for PBXNativeTarget "15Words" */;
			buildPhases = (
				57096296571AC83E123D1B16 /* [CP] Check Pods Manifest.lock */,
				1E5573B821F0EA3E00DFFC5E /* Sources */,
				1E5573B921F0EA3E00DFFC5E /* Frameworks */,
				1E5573BA21F0EA3E00DFFC5E /* Resources */,
				75E0B26746CA148C256260EF /* [CP] Embed Pods Frameworks */,
			);
			buildRules = (
			);
			dependencies = (
			);
			name = 15Words;
			productName = 15Words;
			productReference = 1E5573BC21F0EA3E00DFFC5E /* 15Words.app */;
			productType = "com.apple.product-type.application";
		};
		1E5573D221F0EA4100DFFC5E /* 15WordsTests */ = {
			isa = PBXNativeTarget;
			buildConfigurationList = 1E5573EA21F0EA4100DFFC5E /* Build configuration list for PBXNativeTarget "15WordsTests" */;
			buildPhases = (
				F390CFFCCFD009A561180E19 /* [CP] Check Pods Manifest.lock */,
				1E5573CF21F0EA4100DFFC5E /* Sources */,
				1E5573D021F0EA4100DFFC5E /* Frameworks */,
				1E5573D121F0EA4100DFFC5E /* Resources */,
			);
			buildRules = (
			);
			dependencies = (
				1E5573D521F0EA4100DFFC5E /* PBXTargetDependency */,
			);
			name = 15WordsTests;
			productName = 15WordsTests;
			productReference = 1E5573D321F0EA4100DFFC5E /* 15WordsTests.xctest */;
			productType = "com.apple.product-type.bundle.unit-test";
		};
		1E5573DD21F0EA4100DFFC5E /* 15WordsUITests */ = {
			isa = PBXNativeTarget;
			buildConfigurationList = 1E5573ED21F0EA4100DFFC5E /* Build configuration list for PBXNativeTarget "15WordsUITests" */;
			buildPhases = (
				A5216F87AD20F394728DA0FD /* [CP] Check Pods Manifest.lock */,
				1E5573DA21F0EA4100DFFC5E /* Sources */,
				1E5573DB21F0EA4100DFFC5E /* Frameworks */,
				1E5573DC21F0EA4100DFFC5E /* Resources */,
			);
			buildRules = (
			);
			dependencies = (
				1E5573E021F0EA4100DFFC5E /* PBXTargetDependency */,
			);
			name = 15WordsUITests;
			productName = 15WordsUITests;
			productReference = 1E5573DE21F0EA4100DFFC5E /* 15WordsUITests.xctest */;
			productType = "com.apple.product-type.bundle.ui-testing";
		};
/* End PBXNativeTarget section */

/* Begin PBXProject section */
		1E5573B421F0EA3E00DFFC5E /* Project object */ = {
			isa = PBXProject;
			attributes = {
				LastSwiftUpdateCheck = 1010;
				LastUpgradeCheck = 1010;
				ORGANIZATIONNAME = AyoPrez;
				TargetAttributes = {
					1E5573BB21F0EA3E00DFFC5E = {
						CreatedOnToolsVersion = 10.1;
					};
					1E5573D221F0EA4100DFFC5E = {
						CreatedOnToolsVersion = 10.1;
						TestTargetID = 1E5573BB21F0EA3E00DFFC5E;
					};
					1E5573DD21F0EA4100DFFC5E = {
						CreatedOnToolsVersion = 10.1;
						TestTargetID = 1E5573BB21F0EA3E00DFFC5E;
					};
				};
			};
			buildConfigurationList = 1E5573B721F0EA3E00DFFC5E /* Build configuration list for PBXProject "15Words" */;
			compatibilityVersion = "Xcode 9.3";
			developmentRegion = en;
			hasScannedForEncodings = 0;
			knownRegions = (
				en,
				Base,
			);
			mainGroup = 1E5573B321F0EA3E00DFFC5E;
			productRefGroup = 1E5573BD21F0EA3E00DFFC5E /* Products */;
			projectDirPath = "";
			projectRoot = "";
			targets = (
				1E5573BB21F0EA3E00DFFC5E /* 15Words */,
				1E5573D221F0EA4100DFFC5E /* 15WordsTests */,
				1E5573DD21F0EA4100DFFC5E /* 15WordsUITests */,
			);
		};
/* End PBXProject section */

/* Begin PBXResourcesBuildPhase section */
		1E5573BA21F0EA3E00DFFC5E /* Resources */ = {
			isa = PBXResourcesBuildPhase;
			buildActionMask = 2147483647;
			files = (
				1E5573CD21F0EA4100DFFC5E /* LaunchScreen.storyboard in Resources */,
				1E2A7F3121FA321800162FF1 /* ApiKeys.plist in Resources */,
				1EE1A989220CC7DE004629C3 /* Words.json in Resources */,
				1E5573CA21F0EA4100DFFC5E /* Assets.xcassets in Resources */,
				1E5573C521F0EA3E00DFFC5E /* Main.storyboard in Resources */,
			);
			runOnlyForDeploymentPostprocessing = 0;
		};
		1E5573D121F0EA4100DFFC5E /* Resources */ = {
			isa = PBXResourcesBuildPhase;
			buildActionMask = 2147483647;
			files = (
			);
			runOnlyForDeploymentPostprocessing = 0;
		};
		1E5573DC21F0EA4100DFFC5E /* Resources */ = {
			isa = PBXResourcesBuildPhase;
			buildActionMask = 2147483647;
			files = (
			);
			runOnlyForDeploymentPostprocessing = 0;
		};
/* End PBXResourcesBuildPhase section */

/* Begin PBXShellScriptBuildPhase section */
		57096296571AC83E123D1B16 /* [CP] Check Pods Manifest.lock */ = {
			isa = PBXShellScriptBuildPhase;
			buildActionMask = 2147483647;
			files = (
			);
			inputFileListPaths = (
			);
			inputPaths = (
				"${PODS_PODFILE_DIR_PATH}/Podfile.lock",
				"${PODS_ROOT}/Manifest.lock",
			);
			name = "[CP] Check Pods Manifest.lock";
			outputFileListPaths = (
			);
			outputPaths = (
				"$(DERIVED_FILE_DIR)/Pods-15Words-checkManifestLockResult.txt",
			);
			runOnlyForDeploymentPostprocessing = 0;
			shellPath = /bin/sh;
			shellScript = "diff \"${PODS_PODFILE_DIR_PATH}/Podfile.lock\" \"${PODS_ROOT}/Manifest.lock\" > /dev/null\nif [ $? != 0 ] ; then\n    # print error to STDERR\n    echo \"error: The sandbox is not in sync with the Podfile.lock. Run 'pod install' or update your CocoaPods installation.\" >&2\n    exit 1\nfi\n# This output is used by Xcode 'outputs' to avoid re-running this script phase.\necho \"SUCCESS\" > \"${SCRIPT_OUTPUT_FILE_0}\"\n";
			showEnvVarsInLog = 0;
		};
		75E0B26746CA148C256260EF /* [CP] Embed Pods Frameworks */ = {
			isa = PBXShellScriptBuildPhase;
			buildActionMask = 2147483647;
			files = (
			);
			inputFileListPaths = (
			);
			inputPaths = (
				"${SRCROOT}/Pods/Target Support Files/Pods-15Words/Pods-15Words-frameworks.sh",
				"${BUILT_PRODUCTS_DIR}/Flurry-iOS-SDK/Flurry_iOS_SDK.framework",
			);
			name = "[CP] Embed Pods Frameworks";
			outputFileListPaths = (
			);
			outputPaths = (
				"${TARGET_BUILD_DIR}/${FRAMEWORKS_FOLDER_PATH}/Flurry_iOS_SDK.framework",
			);
			runOnlyForDeploymentPostprocessing = 0;
			shellPath = /bin/sh;
			shellScript = "\"${SRCROOT}/Pods/Target Support Files/Pods-15Words/Pods-15Words-frameworks.sh\"\n";
			showEnvVarsInLog = 0;
		};
		A5216F87AD20F394728DA0FD /* [CP] Check Pods Manifest.lock */ = {
			isa = PBXShellScriptBuildPhase;
			buildActionMask = 2147483647;
			files = (
			);
			inputFileListPaths = (
			);
			inputPaths = (
				"${PODS_PODFILE_DIR_PATH}/Podfile.lock",
				"${PODS_ROOT}/Manifest.lock",
			);
			name = "[CP] Check Pods Manifest.lock";
			outputFileListPaths = (
			);
			outputPaths = (
				"$(DERIVED_FILE_DIR)/Pods-15WordsUITests-checkManifestLockResult.txt",
			);
			runOnlyForDeploymentPostprocessing = 0;
			shellPath = /bin/sh;
			shellScript = "diff \"${PODS_PODFILE_DIR_PATH}/Podfile.lock\" \"${PODS_ROOT}/Manifest.lock\" > /dev/null\nif [ $? != 0 ] ; then\n    # print error to STDERR\n    echo \"error: The sandbox is not in sync with the Podfile.lock. Run 'pod install' or update your CocoaPods installation.\" >&2\n    exit 1\nfi\n# This output is used by Xcode 'outputs' to avoid re-running this script phase.\necho \"SUCCESS\" > \"${SCRIPT_OUTPUT_FILE_0}\"\n";
			showEnvVarsInLog = 0;
		};
		F390CFFCCFD009A561180E19 /* [CP] Check Pods Manifest.lock */ = {
			isa = PBXShellScriptBuildPhase;
			buildActionMask = 2147483647;
			files = (
			);
			inputFileListPaths = (
			);
			inputPaths = (
				"${PODS_PODFILE_DIR_PATH}/Podfile.lock",
				"${PODS_ROOT}/Manifest.lock",
			);
			name = "[CP] Check Pods Manifest.lock";
			outputFileListPaths = (
			);
			outputPaths = (
				"$(DERIVED_FILE_DIR)/Pods-15WordsTests-checkManifestLockResult.txt",
			);
			runOnlyForDeploymentPostprocessing = 0;
			shellPath = /bin/sh;
			shellScript = "diff \"${PODS_PODFILE_DIR_PATH}/Podfile.lock\" \"${PODS_ROOT}/Manifest.lock\" > /dev/null\nif [ $? != 0 ] ; then\n    # print error to STDERR\n    echo \"error: The sandbox is not in sync with the Podfile.lock. Run 'pod install' or update your CocoaPods installation.\" >&2\n    exit 1\nfi\n# This output is used by Xcode 'outputs' to avoid re-running this script phase.\necho \"SUCCESS\" > \"${SCRIPT_OUTPUT_FILE_0}\"\n";
			showEnvVarsInLog = 0;
		};
/* End PBXShellScriptBuildPhase section */

/* Begin PBXSourcesBuildPhase section */
		1E5573B821F0EA3E00DFFC5E /* Sources */ = {
			isa = PBXSourcesBuildPhase;
			buildActionMask = 2147483647;
			files = (
				1E5573C221F0EA3E00DFFC5E /* ViewController.swift in Sources */,
				1E5573C821F0EA3E00DFFC5E /* _5Words.xcdatamodeld in Sources */,
				1E5573C021F0EA3E00DFFC5E /* AppDelegate.swift in Sources */,
				1EE1A97B220383A7004629C3 /* MainPresenter.swift in Sources */,
				1EE1A98B220CCA0F004629C3 /* Words.swift in Sources */,
			);
			runOnlyForDeploymentPostprocessing = 0;
		};
		1E5573CF21F0EA4100DFFC5E /* Sources */ = {
			isa = PBXSourcesBuildPhase;
			buildActionMask = 2147483647;
			files = (
				1E5573D821F0EA4100DFFC5E /* _5WordsTests.swift in Sources */,
				1EE1A979220381E0004629C3 /* MainPresenterTests.swift in Sources */,
			);
			runOnlyForDeploymentPostprocessing = 0;
		};
		1E5573DA21F0EA4100DFFC5E /* Sources */ = {
			isa = PBXSourcesBuildPhase;
			buildActionMask = 2147483647;
			files = (
				1E5573E321F0EA4100DFFC5E /* _5WordsUITests.swift in Sources */,
			);
			runOnlyForDeploymentPostprocessing = 0;
		};
/* End PBXSourcesBuildPhase section */

/* Begin PBXTargetDependency section */
		1E5573D521F0EA4100DFFC5E /* PBXTargetDependency */ = {
			isa = PBXTargetDependency;
			target = 1E5573BB21F0EA3E00DFFC5E /* 15Words */;
			targetProxy = 1E5573D421F0EA4100DFFC5E /* PBXContainerItemProxy */;
		};
		1E5573E021F0EA4100DFFC5E /* PBXTargetDependency */ = {
			isa = PBXTargetDependency;
			target = 1E5573BB21F0EA3E00DFFC5E /* 15Words */;
			targetProxy = 1E5573DF21F0EA4100DFFC5E /* PBXContainerItemProxy */;
		};
/* End PBXTargetDependency section */

/* Begin PBXVariantGroup section */
		1E5573C321F0EA3E00DFFC5E /* Main.storyboard */ = {
			isa = PBXVariantGroup;
			children = (
				1E5573C421F0EA3E00DFFC5E /* Base */,
			);
			name = Main.storyboard;
			sourceTree = "<group>";
		};
		1E5573CB21F0EA4100DFFC5E /* LaunchScreen.storyboard */ = {
			isa = PBXVariantGroup;
			children = (
				1E5573CC21F0EA4100DFFC5E /* Base */,
			);
			name = LaunchScreen.storyboard;
			sourceTree = "<group>";
		};
/* End PBXVariantGroup section */

/* Begin XCBuildConfiguration section */
		1E5573E521F0EA4100DFFC5E /* Debug */ = {
			isa = XCBuildConfiguration;
			buildSettings = {
				ALWAYS_SEARCH_USER_PATHS = NO;
				CLANG_ANALYZER_NONNULL = YES;
				CLANG_ANALYZER_NUMBER_OBJECT_CONVERSION = YES_AGGRESSIVE;
				CLANG_CXX_LANGUAGE_STANDARD = "gnu++14";
				CLANG_CXX_LIBRARY = "libc++";
				CLANG_ENABLE_MODULES = YES;
				CLANG_ENABLE_OBJC_ARC = YES;
				CLANG_ENABLE_OBJC_WEAK = YES;
				CLANG_WARN_BLOCK_CAPTURE_AUTORELEASING = YES;
				CLANG_WARN_BOOL_CONVERSION = YES;
				CLANG_WARN_COMMA = YES;
				CLANG_WARN_CONSTANT_CONVERSION = YES;
				CLANG_WARN_DEPRECATED_OBJC_IMPLEMENTATIONS = YES;
				CLANG_WARN_DIRECT_OBJC_ISA_USAGE = YES_ERROR;
				CLANG_WARN_DOCUMENTATION_COMMENTS = YES;
				CLANG_WARN_EMPTY_BODY = YES;
				CLANG_WARN_ENUM_CONVERSION = YES;
				CLANG_WARN_INFINITE_RECURSION = YES;
				CLANG_WARN_INT_CONVERSION = YES;
				CLANG_WARN_NON_LITERAL_NULL_CONVERSION = YES;
				CLANG_WARN_OBJC_IMPLICIT_RETAIN_SELF = YES;
				CLANG_WARN_OBJC_LITERAL_CONVERSION = YES;
				CLANG_WARN_OBJC_ROOT_CLASS = YES_ERROR;
				CLANG_WARN_RANGE_LOOP_ANALYSIS = YES;
				CLANG_WARN_STRICT_PROTOTYPES = YES;
				CLANG_WARN_SUSPICIOUS_MOVE = YES;
				CLANG_WARN_UNGUARDED_AVAILABILITY = YES_AGGRESSIVE;
				CLANG_WARN_UNREACHABLE_CODE = YES;
				CLANG_WARN__DUPLICATE_METHOD_MATCH = YES;
				CODE_SIGN_IDENTITY = "iPhone Developer";
				COPY_PHASE_STRIP = NO;
				DEBUG_INFORMATION_FORMAT = dwarf;
				ENABLE_STRICT_OBJC_MSGSEND = YES;
				ENABLE_TESTABILITY = YES;
				GCC_C_LANGUAGE_STANDARD = gnu11;
				GCC_DYNAMIC_NO_PIC = NO;
				GCC_NO_COMMON_BLOCKS = YES;
				GCC_OPTIMIZATION_LEVEL = 0;
				GCC_PREPROCESSOR_DEFINITIONS = (
					"DEBUG=1",
					"$(inherited)",
				);
				GCC_WARN_64_TO_32_BIT_CONVERSION = YES;
				GCC_WARN_ABOUT_RETURN_TYPE = YES_ERROR;
				GCC_WARN_UNDECLARED_SELECTOR = YES;
				GCC_WARN_UNINITIALIZED_AUTOS = YES_AGGRESSIVE;
				GCC_WARN_UNUSED_FUNCTION = YES;
				GCC_WARN_UNUSED_VARIABLE = YES;
				IPHONEOS_DEPLOYMENT_TARGET = 12.1;
				MTL_ENABLE_DEBUG_INFO = INCLUDE_SOURCE;
				MTL_FAST_MATH = YES;
				ONLY_ACTIVE_ARCH = YES;
				SDKROOT = iphoneos;
				SWIFT_ACTIVE_COMPILATION_CONDITIONS = DEBUG;
				SWIFT_OPTIMIZATION_LEVEL = "-Onone";
			};
			name = Debug;
		};
		1E5573E621F0EA4100DFFC5E /* Release */ = {
			isa = XCBuildConfiguration;
			buildSettings = {
				ALWAYS_SEARCH_USER_PATHS = NO;
				CLANG_ANALYZER_NONNULL = YES;
				CLANG_ANALYZER_NUMBER_OBJECT_CONVERSION = YES_AGGRESSIVE;
				CLANG_CXX_LANGUAGE_STANDARD = "gnu++14";
				CLANG_CXX_LIBRARY = "libc++";
				CLANG_ENABLE_MODULES = YES;
				CLANG_ENABLE_OBJC_ARC = YES;
				CLANG_ENABLE_OBJC_WEAK = YES;
				CLANG_WARN_BLOCK_CAPTURE_AUTORELEASING = YES;
				CLANG_WARN_BOOL_CONVERSION = YES;
				CLANG_WARN_COMMA = YES;
				CLANG_WARN_CONSTANT_CONVERSION = YES;
				CLANG_WARN_DEPRECATED_OBJC_IMPLEMENTATIONS = YES;
				CLANG_WARN_DIRECT_OBJC_ISA_USAGE = YES_ERROR;
				CLANG_WARN_DOCUMENTATION_COMMENTS = YES;
				CLANG_WARN_EMPTY_BODY = YES;
				CLANG_WARN_ENUM_CONVERSION = YES;
				CLANG_WARN_INFINITE_RECURSION = YES;
				CLANG_WARN_INT_CONVERSION = YES;
				CLANG_WARN_NON_LITERAL_NULL_CONVERSION = YES;
				CLANG_WARN_OBJC_IMPLICIT_RETAIN_SELF = YES;
				CLANG_WARN_OBJC_LITERAL_CONVERSION = YES;
				CLANG_WARN_OBJC_ROOT_CLASS = YES_ERROR;
				CLANG_WARN_RANGE_LOOP_ANALYSIS = YES;
				CLANG_WARN_STRICT_PROTOTYPES = YES;
				CLANG_WARN_SUSPICIOUS_MOVE = YES;
				CLANG_WARN_UNGUARDED_AVAILABILITY = YES_AGGRESSIVE;
				CLANG_WARN_UNREACHABLE_CODE = YES;
				CLANG_WARN__DUPLICATE_METHOD_MATCH = YES;
				CODE_SIGN_IDENTITY = "iPhone Developer";
				COPY_PHASE_STRIP = NO;
				DEBUG_INFORMATION_FORMAT = "dwarf-with-dsym";
				ENABLE_NS_ASSERTIONS = NO;
				ENABLE_STRICT_OBJC_MSGSEND = YES;
				GCC_C_LANGUAGE_STANDARD = gnu11;
				GCC_NO_COMMON_BLOCKS = YES;
				GCC_WARN_64_TO_32_BIT_CONVERSION = YES;
				GCC_WARN_ABOUT_RETURN_TYPE = YES_ERROR;
				GCC_WARN_UNDECLARED_SELECTOR = YES;
				GCC_WARN_UNINITIALIZED_AUTOS = YES_AGGRESSIVE;
				GCC_WARN_UNUSED_FUNCTION = YES;
				GCC_WARN_UNUSED_VARIABLE = YES;
				IPHONEOS_DEPLOYMENT_TARGET = 12.1;
				MTL_ENABLE_DEBUG_INFO = NO;
				MTL_FAST_MATH = YES;
				SDKROOT = iphoneos;
				SWIFT_COMPILATION_MODE = wholemodule;
				SWIFT_OPTIMIZATION_LEVEL = "-O";
				VALIDATE_PRODUCT = YES;
			};
			name = Release;
		};
		1E5573E821F0EA4100DFFC5E /* Debug */ = {
			isa = XCBuildConfiguration;
			baseConfigurationReference = 92B6EB6BE34B77764233094A /* Pods-15Words.debug.xcconfig */;
			buildSettings = {
				ASSETCATALOG_COMPILER_APPICON_NAME = AppIcon;
				CODE_SIGN_STYLE = Automatic;
				DEVELOPMENT_TEAM = ZLSFBZXC86;
				INFOPLIST_FILE = 15Words/Info.plist;
				IPHONEOS_DEPLOYMENT_TARGET = 10.0;
				LD_RUNPATH_SEARCH_PATHS = (
					"$(inherited)",
					"@executable_path/Frameworks",
				);
				PRODUCT_BUNDLE_IDENTIFIER = "com.ayoprez.-5Words";
				PRODUCT_NAME = "$(TARGET_NAME)";
				SWIFT_VERSION = 4.2;
				TARGETED_DEVICE_FAMILY = "1,2";
			};
			name = Debug;
		};
		1E5573E921F0EA4100DFFC5E /* Release */ = {
			isa = XCBuildConfiguration;
			baseConfigurationReference = 9664FE69184C40C7301251A9 /* Pods-15Words.release.xcconfig */;
			buildSettings = {
				ASSETCATALOG_COMPILER_APPICON_NAME = AppIcon;
				CODE_SIGN_STYLE = Automatic;
				DEVELOPMENT_TEAM = ZLSFBZXC86;
				INFOPLIST_FILE = 15Words/Info.plist;
				IPHONEOS_DEPLOYMENT_TARGET = 10.0;
				LD_RUNPATH_SEARCH_PATHS = (
					"$(inherited)",
					"@executable_path/Frameworks",
				);
				PRODUCT_BUNDLE_IDENTIFIER = "com.ayoprez.-5Words";
				PRODUCT_NAME = "$(TARGET_NAME)";
				SWIFT_VERSION = 4.2;
				TARGETED_DEVICE_FAMILY = "1,2";
			};
			name = Release;
		};
		1E5573EB21F0EA4100DFFC5E /* Debug */ = {
			isa = XCBuildConfiguration;
			baseConfigurationReference = 212276174EF27D975B421FD0 /* Pods-15WordsTests.debug.xcconfig */;
			buildSettings = {
				ALWAYS_EMBED_SWIFT_STANDARD_LIBRARIES = YES;
				BUNDLE_LOADER = "$(TEST_HOST)";
				CODE_SIGN_STYLE = Automatic;
				DEVELOPMENT_TEAM = ZLSFBZXC86;
				INFOPLIST_FILE = 15WordsTests/Info.plist;
				IPHONEOS_DEPLOYMENT_TARGET = 10.3;
				LD_RUNPATH_SEARCH_PATHS = (
					"$(inherited)",
					"@executable_path/Frameworks",
					"@loader_path/Frameworks",
				);
				PRODUCT_BUNDLE_IDENTIFIER = "com.ayoprez.-5WordsTests";
				PRODUCT_NAME = "$(TARGET_NAME)";
				SWIFT_VERSION = 4.2;
				TARGETED_DEVICE_FAMILY = "1,2";
				TEST_HOST = "$(BUILT_PRODUCTS_DIR)/15Words.app/15Words";
			};
			name = Debug;
		};
		1E5573EC21F0EA4100DFFC5E /* Release */ = {
			isa = XCBuildConfiguration;
			baseConfigurationReference = 050CF8FFE1D634FF9D63E36C /* Pods-15WordsTests.release.xcconfig */;
			buildSettings = {
				ALWAYS_EMBED_SWIFT_STANDARD_LIBRARIES = YES;
				BUNDLE_LOADER = "$(TEST_HOST)";
				CODE_SIGN_STYLE = Automatic;
				DEVELOPMENT_TEAM = ZLSFBZXC86;
				INFOPLIST_FILE = 15WordsTests/Info.plist;
				IPHONEOS_DEPLOYMENT_TARGET = 10.3;
				LD_RUNPATH_SEARCH_PATHS = (
					"$(inherited)",
					"@executable_path/Frameworks",
					"@loader_path/Frameworks",
				);
				PRODUCT_BUNDLE_IDENTIFIER = "com.ayoprez.-5WordsTests";
				PRODUCT_NAME = "$(TARGET_NAME)";
				SWIFT_VERSION = 4.2;
				TARGETED_DEVICE_FAMILY = "1,2";
				TEST_HOST = "$(BUILT_PRODUCTS_DIR)/15Words.app/15Words";
			};
			name = Release;
		};
		1E5573EE21F0EA4100DFFC5E /* Debug */ = {
			isa = XCBuildConfiguration;
			baseConfigurationReference = DBDFB303D46107ED93286838 /* Pods-15WordsUITests.debug.xcconfig */;
			buildSettings = {
				ALWAYS_EMBED_SWIFT_STANDARD_LIBRARIES = YES;
				CODE_SIGN_STYLE = Automatic;
				DEVELOPMENT_TEAM = ZLSFBZXC86;
				INFOPLIST_FILE = 15WordsUITests/Info.plist;
				LD_RUNPATH_SEARCH_PATHS = (
					"$(inherited)",
					"@executable_path/Frameworks",
					"@loader_path/Frameworks",
				);
				PRODUCT_BUNDLE_IDENTIFIER = "com.ayoprez.-5WordsUITests";
				PRODUCT_NAME = "$(TARGET_NAME)";
				SWIFT_VERSION = 4.2;
				TARGETED_DEVICE_FAMILY = "1,2";
				TEST_TARGET_NAME = 15Words;
			};
			name = Debug;
		};
		1E5573EF21F0EA4100DFFC5E /* Release */ = {
			isa = XCBuildConfiguration;
			baseConfigurationReference = 856B7B557E8EE7DA2D810C5F /* Pods-15WordsUITests.release.xcconfig */;
			buildSettings = {
				ALWAYS_EMBED_SWIFT_STANDARD_LIBRARIES = YES;
				CODE_SIGN_STYLE = Automatic;
				DEVELOPMENT_TEAM = ZLSFBZXC86;
				INFOPLIST_FILE = 15WordsUITests/Info.plist;
				LD_RUNPATH_SEARCH_PATHS = (
					"$(inherited)",
					"@executable_path/Frameworks",
					"@loader_path/Frameworks",
				);
				PRODUCT_BUNDLE_IDENTIFIER = "com.ayoprez.-5WordsUITests";
				PRODUCT_NAME = "$(TARGET_NAME)";
				SWIFT_VERSION = 4.2;
				TARGETED_DEVICE_FAMILY = "1,2";
				TEST_TARGET_NAME = 15Words;
			};
			name = Release;
		};
/* End XCBuildConfiguration section */

/* Begin XCConfigurationList section */
		1E5573B721F0EA3E00DFFC5E /* Build configuration list for PBXProject "15Words" */ = {
			isa = XCConfigurationList;
			buildConfigurations = (
				1E5573E521F0EA4100DFFC5E /* Debug */,
				1E5573E621F0EA4100DFFC5E /* Release */,
			);
			defaultConfigurationIsVisible = 0;
			defaultConfigurationName = Release;
		};
		1E5573E721F0EA4100DFFC5E /* Build configuration list for PBXNativeTarget "15Words" */ = {
			isa = XCConfigurationList;
			buildConfigurations = (
				1E5573E821F0EA4100DFFC5E /* Debug */,
				1E5573E921F0EA4100DFFC5E /* Release */,
			);
			defaultConfigurationIsVisible = 0;
			defaultConfigurationName = Release;
		};
		1E5573EA21F0EA4100DFFC5E /* Build configuration list for PBXNativeTarget "15WordsTests" */ = {
			isa = XCConfigurationList;
			buildConfigurations = (
				1E5573EB21F0EA4100DFFC5E /* Debug */,
				1E5573EC21F0EA4100DFFC5E /* Release */,
			);
			defaultConfigurationIsVisible = 0;
			defaultConfigurationName = Release;
		};
		1E5573ED21F0EA4100DFFC5E /* Build configuration list for PBXNativeTarget "15WordsUITests" */ = {
			isa = XCConfigurationList;
			buildConfigurations = (
				1E5573EE21F0EA4100DFFC5E /* Debug */,
				1E5573EF21F0EA4100DFFC5E /* Release */,
			);
			defaultConfigurationIsVisible = 0;
			defaultConfigurationName = Release;
		};
/* End XCConfigurationList section */

/* Begin XCVersionGroup section */
		1E5573C621F0EA3E00DFFC5E /* _5Words.xcdatamodeld */ = {
			isa = XCVersionGroup;
			children = (
				1E5573C721F0EA3E00DFFC5E /* _5Words.xcdatamodel */,
			);
			currentVersion = 1E5573C721F0EA3E00DFFC5E /* _5Words.xcdatamodel */;
			path = _5Words.xcdatamodeld;
			sourceTree = "<group>";
			versionGroupType = wrapper.xcdatamodel;
		};
/* End XCVersionGroup section */
	};
	rootObject = 1E5573B421F0EA3E00DFFC5E /* Project object */;
}
